
Microsoft Visual Studio Solution File, Format Version 12.00
# Visual Studio Version 16
VisualStudioVersion = 16.0.30803.129
MinimumVisualStudioVersion = 15.0.26124.0
Project("{9A19103F-16F7-4668-BE54-9A1E7A4F7556}") = "ModLinker", "ModLinker\ModLinker.csproj", "{11997591-431E-4B0F-8939-CCC08C09638A}"
EndProject
Project("{9A19103F-16F7-4668-BE54-9A1E7A4F7556}") = "ModLinker.Test", "ModLinker.Test\ModLinker.Test.csproj", "{14078963-299A-4376-B6F1-7EDF5CA2ED6E}"
EndProject
Project("{FAE04EC0-301F-11D3-BF4B-00C04F79EFBC}") = "ModLinker.Cli", "ModLinker.Cli\ModLinker.Cli.csproj", "{9FC5D215-8DCC-4CB8-BB22-E4F797F4BD01}"
EndProject
Global
	GlobalSection(SolutionConfigurationPlatforms) = preSolution
		Debug|Any CPU = Debug|Any CPU
		Debug|x64 = Debug|x64
		Debug|x86 = Debug|x86
		Release|Any CPU = Release|Any CPU
		Release|x64 = Release|x64
		Release|x86 = Release|x86
	EndGlobalSection
	GlobalSection(ProjectConfigurationPlatforms) = postSolution
		{11997591-431E-4B0F-8939-CCC08C09638A}.Debug|Any CPU.ActiveCfg = Debug|Any CPU
		{11997591-431E-4B0F-8939-CCC08C09638A}.Debug|Any CPU.Build.0 = Debug|Any CPU
		{11997591-431E-4B0F-8939-CCC08C09638A}.Debug|x64.ActiveCfg = Debug|Any CPU
		{11997591-431E-4B0F-8939-CCC08C09638A}.Debug|x64.Build.0 = Debug|Any CPU
		{11997591-431E-4B0F-8939-CCC08C09638A}.Debug|x86.ActiveCfg = Debug|Any CPU
		{11997591-431E-4B0F-8939-CCC08C09638A}.Debug|x86.Build.0 = Debug|Any CPU
		{11997591-431E-4B0F-8939-CCC08C09638A}.Release|Any CPU.ActiveCfg = Release|Any CPU
		{11997591-431E-4B0F-8939-CCC08C09638A}.Release|Any CPU.Build.0 = Release|Any CPU
		{11997591-431E-4B0F-8939-CCC08C09638A}.Release|x64.ActiveCfg = Release|Any CPU
		{11997591-431E-4B0F-8939-CCC08C09638A}.Release|x64.Build.0 = Release|Any CPU
		{11997591-431E-4B0F-8939-CCC08C09638A}.Release|x86.ActiveCfg = Release|Any CPU
		{11997591-431E-4B0F-8939-CCC08C09638A}.Release|x86.Build.0 = Release|Any CPU
		{14078963-299A-4376-B6F1-7EDF5CA2ED6E}.Debug|Any CPU.ActiveCfg = Debug|Any CPU
		{14078963-299A-4376-B6F1-7EDF5CA2ED6E}.Debug|Any CPU.Build.0 = Debug|Any CPU
		{14078963-299A-4376-B6F1-7EDF5CA2ED6E}.Debug|x64.ActiveCfg = Debug|Any CPU
		{14078963-299A-4376-B6F1-7EDF5CA2ED6E}.Debug|x64.Build.0 = Debug|Any CPU
		{14078963-299A-4376-B6F1-7EDF5CA2ED6E}.Debug|x86.ActiveCfg = Debug|Any CPU
		{14078963-299A-4376-B6F1-7EDF5CA2ED6E}.Debug|x86.Build.0 = Debug|Any CPU
		{14078963-299A-4376-B6F1-7EDF5CA2ED6E}.Release|Any CPU.ActiveCfg = Release|Any CPU
		{14078963-299A-4376-B6F1-7EDF5CA2ED6E}.Release|Any CPU.Build.0 = Release|Any CPU
		{14078963-299A-4376-B6F1-7EDF5CA2ED6E}.Release|x64.ActiveCfg = Release|Any CPU
		{14078963-299A-4376-B6F1-7EDF5CA2ED6E}.Release|x64.Build.0 = Release|Any CPU
		{14078963-299A-4376-B6F1-7EDF5CA2ED6E}.Release|x86.ActiveCfg = Release|Any CPU
		{14078963-299A-4376-B6F1-7EDF5CA2ED6E}.Release|x86.Build.0 = Release|Any CPU
		{9FC5D215-8DCC-4CB8-BB22-E4F797F4BD01}.Debug|Any CPU.ActiveCfg = Debug|Any CPU
		{9FC5D215-8DCC-4CB8-BB22-E4F797F4BD01}.Debug|Any CPU.Build.0 = Debug|Any CPU
		{9FC5D215-8DCC-4CB8-BB22-E4F797F4BD01}.Debug|x64.ActiveCfg = Debug|Any CPU
		{9FC5D215-8DCC-4CB8-BB22-E4F797F4BD01}.Debug|x64.Build.0 = Debug|Any CPU
		{9FC5D215-8DCC-4CB8-BB22-E4F797F4BD01}.Debug|x86.ActiveCfg = Debug|Any CPU
		{9FC5D215-8DCC-4CB8-BB22-E4F797F4BD01}.Debug|x86.Build.0 = Debug|Any CPU
		{9FC5D215-8DCC-4CB8-BB22-E4F797F4BD01}.Release|Any CPU.ActiveCfg = Release|Any CPU
		{9FC5D215-8DCC-4CB8-BB22-E4F797F4BD01}.Release|Any CPU.Build.0 = Release|Any CPU
		{9FC5D215-8DCC-4CB8-BB22-E4F797F4BD01}.Release|x64.ActiveCfg = Release|Any CPU
		{9FC5D215-8DCC-4CB8-BB22-E4F797F4BD01}.Release|x64.Build.0 = Release|Any CPU
		{9FC5D215-8DCC-4CB8-BB22-E4F797F4BD01}.Release|x86.ActiveCfg = Release|Any CPU
		{9FC5D215-8DCC-4CB8-BB22-E4F797F4BD01}.Release|x86.Build.0 = Release|Any CPU
	EndGlobalSection
	GlobalSection(SolutionProperties) = preSolution
		HideSolutionNode = FALSE
	EndGlobalSection
	GlobalSection(ExtensibilityGlobals) = postSolution
		SolutionGuid = {BDA94B70-954A-4769-9913-48653F0F9079}
	EndGlobalSection
EndGlobal
